
Microsoft Visual Studio Solution File, Format Version 12.00
# Visual Studio Version 17
VisualStudioVersion = 17.13.35931.197 d17.13
MinimumVisualStudioVersion = 10.0.40219.1
Project("{FAE04EC0-301F-11D3-BF4B-00C04F79EFBC}") = "DvSceneTool", "DvSceneTool\DvSceneTool.csproj", "{5F7E8D91-428D-462D-9C00-CD1F2FCB8E19}"
EndProject
Project("{FAE04EC0-301F-11D3-BF4B-00C04F79EFBC}") = "DvSceneLib", "DvSceneLib\DvSceneLib\DvSceneLib.csproj", "{D2E3B7CE-C5F7-537E-2B9C-E7D6EDB80AF1}"
EndProject
Project("{FAE04EC0-301F-11D3-BF4B-00C04F79EFBC}") = "Amicitia.IO", "DvSceneLib\Amicitia.IO\src\Amicitia.IO\Amicitia.IO.csproj", "{4B7BB6E7-FAC6-E2D0-0B2A-2BFD80D8EF69}"
EndProject
Global
	GlobalSection(SolutionConfigurationPlatforms) = preSolution
		Debug|Any CPU = Debug|Any CPU
		Release|Any CPU = Release|Any CPU
	EndGlobalSection
	GlobalSection(ProjectConfigurationPlatforms) = postSolution
		{5F7E8D91-428D-462D-9C00-CD1F2FCB8E19}.Debug|Any CPU.ActiveCfg = Debug|Any CPU
		{5F7E8D91-428D-462D-9C00-CD1F2FCB8E19}.Debug|Any CPU.Build.0 = Debug|Any CPU
		{5F7E8D91-428D-462D-9C00-CD1F2FCB8E19}.Release|Any CPU.ActiveCfg = Release|Any CPU
		{5F7E8D91-428D-462D-9C00-CD1F2FCB8E19}.Release|Any CPU.Build.0 = Release|Any CPU
		{D2E3B7CE-C5F7-537E-2B9C-E7D6EDB80AF1}.Debug|Any CPU.ActiveCfg = Debug|Any CPU
		{D2E3B7CE-C5F7-537E-2B9C-E7D6EDB80AF1}.Debug|Any CPU.Build.0 = Debug|Any CPU
		{D2E3B7CE-C5F7-537E-2B9C-E7D6EDB80AF1}.Release|Any CPU.ActiveCfg = Release|Any CPU
		{D2E3B7CE-C5F7-537E-2B9C-E7D6EDB80AF1}.Release|Any CPU.Build.0 = Release|Any CPU
		{4B7BB6E7-FAC6-E2D0-0B2A-2BFD80D8EF69}.Debug|Any CPU.ActiveCfg = Debug|Any CPU
		{4B7BB6E7-FAC6-E2D0-0B2A-2BFD80D8EF69}.Debug|Any CPU.Build.0 = Debug|Any CPU
		{4B7BB6E7-FAC6-E2D0-0B2A-2BFD80D8EF69}.Release|Any CPU.ActiveCfg = Release|Any CPU
		{4B7BB6E7-FAC6-E2D0-0B2A-2BFD80D8EF69}.Release|Any CPU.Build.0 = Release|Any CPU
	EndGlobalSection
	GlobalSection(SolutionProperties) = preSolution
		HideSolutionNode = FALSE
	EndGlobalSection
	GlobalSection(ExtensibilityGlobals) = postSolution
		SolutionGuid = {DD949F98-1491-419D-817E-D2215BAAD5E5}
	EndGlobalSection
EndGlobal
